// !$*UTF8*$!
{
	archiveVersion = 1;
	classes = {
	};
	objectVersion = 56;
	objects = {

/* Begin PBXBuildFile section */
		0367FDCA2B18589D00D4B3B3 /* Document.swift in Sources */ = {isa = PBXBuildFile; fileRef = 0367FDC92B18589D00D4B3B3 /* Document.swift */; };
		03F7B7B02AF0C22700CDAB50 /* MemoryRetentionTestApp.swift in Sources */ = {isa = PBXBuildFile; fileRef = 03F7B7AF2AF0C22700CDAB50 /* MemoryRetentionTestApp.swift */; };
		03F7B7B22AF0C22700CDAB50 /* ContentView.swift in Sources */ = {isa = PBXBuildFile; fileRef = 03F7B7B12AF0C22700CDAB50 /* ContentView.swift */; };
		03F7B7B42AF0C22900CDAB50 /* Assets.xcassets in Resources */ = {isa = PBXBuildFile; fileRef = 03F7B7B32AF0C22900CDAB50 /* Assets.xcassets */; };
		03F7B7B72AF0C22900CDAB50 /* Preview Assets.xcassets in Resources */ = {isa = PBXBuildFile; fileRef = 03F7B7B62AF0C22900CDAB50 /* Preview Assets.xcassets */; };
		03F7B7C12AF0C22900CDAB50 /* MemoryRetentionTestTests.swift in Sources */ = {isa = PBXBuildFile; fileRef = 03F7B7C02AF0C22900CDAB50 /* MemoryRetentionTestTests.swift */; };
		03F7B7CB2AF0C22900CDAB50 /* MemoryRetentionTestUITests.swift in Sources */ = {isa = PBXBuildFile; fileRef = 03F7B7CA2AF0C22900CDAB50 /* MemoryRetentionTestUITests.swift */; };
		03F7B7CD2AF0C22900CDAB50 /* MemoryRetentionTestUITestsLaunchTests.swift in Sources */ = {isa = PBXBuildFile; fileRef = 03F7B7CC2AF0C22900CDAB50 /* MemoryRetentionTestUITestsLaunchTests.swift */; };
/* End PBXBuildFile section */

/* Begin PBXContainerItemProxy section */
		03F7B7BD2AF0C22900CDAB50 /* PBXContainerItemProxy */ = {
			isa = PBXContainerItemProxy;
			containerPortal = 03F7B7A42AF0C22700CDAB50 /* Project object */;
			proxyType = 1;
			remoteGlobalIDString = 03F7B7AB2AF0C22700CDAB50;
			remoteInfo = MemoryRetentionTest;
		};
		03F7B7C72AF0C22900CDAB50 /* PBXContainerItemProxy */ = {
			isa = PBXContainerItemProxy;
			containerPortal = 03F7B7A42AF0C22700CDAB50 /* Project object */;
			proxyType = 1;
			remoteGlobalIDString = 03F7B7AB2AF0C22700CDAB50;
			remoteInfo = MemoryRetentionTest;
		};
/* End PBXContainerItemProxy section */

/* Begin PBXFileReference section */
		0367FDC92B18589D00D4B3B3 /* Document.swift */ = {isa = PBXFileReference; lastKnownFileType = sourcecode.swift; path = Document.swift; sourceTree = "<group>"; };
		03F7B7AC2AF0C22700CDAB50 /* MemoryRetentionTest.app */ = {isa = PBXFileReference; explicitFileType = wrapper.application; includeInIndex = 0; path = MemoryRetentionTest.app; sourceTree = BUILT_PRODUCTS_DIR; };
		03F7B7AF2AF0C22700CDAB50 /* MemoryRetentionTestApp.swift */ = {isa = PBXFileReference; lastKnownFileType = sourcecode.swift; path = MemoryRetentionTestApp.swift; sourceTree = "<group>"; };
		03F7B7B12AF0C22700CDAB50 /* ContentView.swift */ = {isa = PBXFileReference; lastKnownFileType = sourcecode.swift; path = ContentView.swift; sourceTree = "<group>"; };
		03F7B7B32AF0C22900CDAB50 /* Assets.xcassets */ = {isa = PBXFileReference; lastKnownFileType = folder.assetcatalog; path = Assets.xcassets; sourceTree = "<group>"; };
		03F7B7B62AF0C22900CDAB50 /* Preview Assets.xcassets */ = {isa = PBXFileReference; lastKnownFileType = folder.assetcatalog; path = "Preview Assets.xcassets"; sourceTree = "<group>"; };
		03F7B7BC2AF0C22900CDAB50 /* MemoryRetentionTestTests.xctest */ = {isa = PBXFileReference; explicitFileType = wrapper.cfbundle; includeInIndex = 0; path = MemoryRetentionTestTests.xctest; sourceTree = BUILT_PRODUCTS_DIR; };
		03F7B7C02AF0C22900CDAB50 /* MemoryRetentionTestTests.swift */ = {isa = PBXFileReference; lastKnownFileType = sourcecode.swift; path = MemoryRetentionTestTests.swift; sourceTree = "<group>"; };
		03F7B7C62AF0C22900CDAB50 /* MemoryRetentionTestUITests.xctest */ = {isa = PBXFileReference; explicitFileType = wrapper.cfbundle; includeInIndex = 0; path = MemoryRetentionTestUITests.xctest; sourceTree = BUILT_PRODUCTS_DIR; };
		03F7B7CA2AF0C22900CDAB50 /* MemoryRetentionTestUITests.swift */ = {isa = PBXFileReference; lastKnownFileType = sourcecode.swift; path = MemoryRetentionTestUITests.swift; sourceTree = "<group>"; };
		03F7B7CC2AF0C22900CDAB50 /* MemoryRetentionTestUITestsLaunchTests.swift */ = {isa = PBXFileReference; lastKnownFileType = sourcecode.swift; path = MemoryRetentionTestUITestsLaunchTests.swift; sourceTree = "<group>"; };
/* End PBXFileReference section */

/* Begin PBXFrameworksBuildPhase section */
		03F7B7A92AF0C22700CDAB50 /* Frameworks */ = {
			isa = PBXFrameworksBuildPhase;
			buildActionMask = 2147483647;
			files = (
			);
			runOnlyForDeploymentPostprocessing = 0;
		};
		03F7B7B92AF0C22900CDAB50 /* Frameworks */ = {
			isa = PBXFrameworksBuildPhase;
			buildActionMask = 2147483647;
			files = (
			);
			runOnlyForDeploymentPostprocessing = 0;
		};
		03F7B7C32AF0C22900CDAB50 /* Frameworks */ = {
			isa = PBXFrameworksBuildPhase;
			buildActionMask = 2147483647;
			files = (
			);
			runOnlyForDeploymentPostprocessing = 0;
		};
/* End PBXFrameworksBuildPhase section */

/* Begin PBXGroup section */
		03F7B7A32AF0C22700CDAB50 = {
			isa = PBXGroup;
			children = (
				03F7B7AE2AF0C22700CDAB50 /* MemoryRetentionTest */,
				03F7B7BF2AF0C22900CDAB50 /* MemoryRetentionTestTests */,
				03F7B7C92AF0C22900CDAB50 /* MemoryRetentionTestUITests */,
				03F7B7AD2AF0C22700CDAB50 /* Products */,
			);
			sourceTree = "<group>";
		};
		03F7B7AD2AF0C22700CDAB50 /* Products */ = {
			isa = PBXGroup;
			children = (
				03F7B7AC2AF0C22700CDAB50 /* MemoryRetentionTest.app */,
				03F7B7BC2AF0C22900CDAB50 /* MemoryRetentionTestTests.xctest */,
				03F7B7C62AF0C22900CDAB50 /* MemoryRetentionTestUITests.xctest */,
			);
			name = Products;
			sourceTree = "<group>";
		};
		03F7B7AE2AF0C22700CDAB50 /* MemoryRetentionTest */ = {
			isa = PBXGroup;
			children = (
				03F7B7AF2AF0C22700CDAB50 /* MemoryRetentionTestApp.swift */,
				03F7B7B12AF0C22700CDAB50 /* ContentView.swift */,
				03F7B7B32AF0C22900CDAB50 /* Assets.xcassets */,
				03F7B7B52AF0C22900CDAB50 /* Preview Content */,
				0367FDC92B18589D00D4B3B3 /* Document.swift */,
			);
			path = MemoryRetentionTest;
			sourceTree = "<group>";
		};
		03F7B7B52AF0C22900CDAB50 /* Preview Content */ = {
			isa = PBXGroup;
			children = (
				03F7B7B62AF0C22900CDAB50 /* Preview Assets.xcassets */,
			);
			path = "Preview Content";
			sourceTree = "<group>";
		};
		03F7B7BF2AF0C22900CDAB50 /* MemoryRetentionTestTests */ = {
			isa = PBXGroup;
			children = (
				03F7B7C02AF0C22900CDAB50 /* MemoryRetentionTestTests.swift */,
			);
			path = MemoryRetentionTestTests;
			sourceTree = "<group>";
		};
		03F7B7C92AF0C22900CDAB50 /* MemoryRetentionTestUITests */ = {
			isa = PBXGroup;
			children = (
				03F7B7CA2AF0C22900CDAB50 /* MemoryRetentionTestUITests.swift */,
				03F7B7CC2AF0C22900CDAB50 /* MemoryRetentionTestUITestsLaunchTests.swift */,
			);
			path = MemoryRetentionTestUITests;
			sourceTree = "<group>";
		};
/* End PBXGroup section */

/* Begin PBXNativeTarget section */
		03F7B7AB2AF0C22700CDAB50 /* MemoryRetentionTest */ = {
			isa = PBXNativeTarget;
			buildConfigurationList = 03F7B7D02AF0C22900CDAB50 /* Build configuration list for PBXNativeTarget "MemoryRetentionTest" */;
			buildPhases = (
				03F7B7A82AF0C22700CDAB50 /* Sources */,
				03F7B7A92AF0C22700CDAB50 /* Frameworks */,
				03F7B7AA2AF0C22700CDAB50 /* Resources */,
			);
			buildRules = (
			);
			dependencies = (
			);
			name = MemoryRetentionTest;
			productName = MemoryRetentionTest;
			productReference = 03F7B7AC2AF0C22700CDAB50 /* MemoryRetentionTest.app */;
			productType = "com.apple.product-type.application";
		};
		03F7B7BB2AF0C22900CDAB50 /* MemoryRetentionTestTests */ = {
			isa = PBXNativeTarget;
			buildConfigurationList = 03F7B7D32AF0C22900CDAB50 /* Build configuration list for PBXNativeTarget "MemoryRetentionTestTests" */;
			buildPhases = (
				03F7B7B82AF0C22900CDAB50 /* Sources */,
				03F7B7B92AF0C22900CDAB50 /* Frameworks */,
				03F7B7BA2AF0C22900CDAB50 /* Resources */,
			);
			buildRules = (
			);
			dependencies = (
				03F7B7BE2AF0C22900CDAB50 /* PBXTargetDependency */,
			);
			name = MemoryRetentionTestTests;
			productName = MemoryRetentionTestTests;
			productReference = 03F7B7BC2AF0C22900CDAB50 /* MemoryRetentionTestTests.xctest */;
			productType = "com.apple.product-type.bundle.unit-test";
		};
		03F7B7C52AF0C22900CDAB50 /* MemoryRetentionTestUITests */ = {
			isa = PBXNativeTarget;
			buildConfigurationList = 03F7B7D62AF0C22900CDAB50 /* Build configuration list for PBXNativeTarget "MemoryRetentionTestUITests" */;
			buildPhases = (
				03F7B7C22AF0C22900CDAB50 /* Sources */,
				03F7B7C32AF0C22900CDAB50 /* Frameworks */,
				03F7B7C42AF0C22900CDAB50 /* Resources */,
			);
			buildRules = (
			);
			dependencies = (
				03F7B7C82AF0C22900CDAB50 /* PBXTargetDependency */,
			);
			name = MemoryRetentionTestUITests;
			productName = MemoryRetentionTestUITests;
			productReference = 03F7B7C62AF0C22900CDAB50 /* MemoryRetentionTestUITests.xctest */;
			productType = "com.apple.product-type.bundle.ui-testing";
		};
/* End PBXNativeTarget section */

/* Begin PBXProject section */
		03F7B7A42AF0C22700CDAB50 /* Project object */ = {
			isa = PBXProject;
			attributes = {
				BuildIndependentTargetsInParallel = 1;
				LastSwiftUpdateCheck = 1500;
				LastUpgradeCheck = 1500;
				TargetAttributes = {
					03F7B7AB2AF0C22700CDAB50 = {
						CreatedOnToolsVersion = 15.0.1;
					};
					03F7B7BB2AF0C22900CDAB50 = {
						CreatedOnToolsVersion = 15.0.1;
						TestTargetID = 03F7B7AB2AF0C22700CDAB50;
					};
					03F7B7C52AF0C22900CDAB50 = {
						CreatedOnToolsVersion = 15.0.1;
						TestTargetID = 03F7B7AB2AF0C22700CDAB50;
					};
				};
			};
			buildConfigurationList = 03F7B7A72AF0C22700CDAB50 /* Build configuration list for PBXProject "MemoryRetentionTest" */;
			compatibilityVersion = "Xcode 14.0";
			developmentRegion = en;
			hasScannedForEncodings = 0;
			knownRegions = (
				en,
				Base,
			);
			mainGroup = 03F7B7A32AF0C22700CDAB50;
			productRefGroup = 03F7B7AD2AF0C22700CDAB50 /* Products */;
			projectDirPath = "";
			projectRoot = "";
			targets = (
				03F7B7AB2AF0C22700CDAB50 /* MemoryRetentionTest */,
				03F7B7BB2AF0C22900CDAB50 /* MemoryRetentionTestTests */,
				03F7B7C52AF0C22900CDAB50 /* MemoryRetentionTestUITests */,
			);
		};
/* End PBXProject section */

/* Begin PBXResourcesBuildPhase section */
		03F7B7AA2AF0C22700CDAB50 /* Resources */ = {
			isa = PBXResourcesBuildPhase;
			buildActionMask = 2147483647;
			files = (
				03F7B7B72AF0C22900CDAB50 /* Preview Assets.xcassets in Resources */,
				03F7B7B42AF0C22900CDAB50 /* Assets.xcassets in Resources */,
			);
			runOnlyForDeploymentPostprocessing = 0;
		};
		03F7B7BA2AF0C22900CDAB50 /* Resources */ = {
			isa = PBXResourcesBuildPhase;
			buildActionMask = 2147483647;
			files = (
			);
			runOnlyForDeploymentPostprocessing = 0;
		};
		03F7B7C42AF0C22900CDAB50 /* Resources */ = {
			isa = PBXResourcesBuildPhase;
			buildActionMask = 2147483647;
			files = (
			);
			runOnlyForDeploymentPostprocessing = 0;
		};
/* End PBXResourcesBuildPhase section */

/* Begin PBXSourcesBuildPhase section */
		03F7B7A82AF0C22700CDAB50 /* Sources */ = {
			isa = PBXSourcesBuildPhase;
			buildActionMask = 2147483647;
			files = (
				03F7B7B22AF0C22700CDAB50 /* ContentView.swift in Sources */,
				03F7B7B02AF0C22700CDAB50 /* MemoryRetentionTestApp.swift in Sources */,
				0367FDCA2B18589D00D4B3B3 /* Document.swift in Sources */,
			);
			runOnlyForDeploymentPostprocessing = 0;
		};
		03F7B7B82AF0C22900CDAB50 /* Sources */ = {
			isa = PBXSourcesBuildPhase;
			buildActionMask = 2147483647;
			files = (
				03F7B7C12AF0C22900CDAB50 /* MemoryRetentionTestTests.swift in Sources */,
			);
			runOnlyForDeploymentPostprocessing = 0;
		};
		03F7B7C22AF0C22900CDAB50 /* Sources */ = {
			isa = PBXSourcesBuildPhase;
			buildActionMask = 2147483647;
			files = (
				03F7B7CD2AF0C22900CDAB50 /* MemoryRetentionTestUITestsLaunchTests.swift in Sources */,
				03F7B7CB2AF0C22900CDAB50 /* MemoryRetentionTestUITests.swift in Sources */,
			);
			runOnlyForDeploymentPostprocessing = 0;
		};
/* End PBXSourcesBuildPhase section */

/* Begin PBXTargetDependency section */
		03F7B7BE2AF0C22900CDAB50 /* PBXTargetDependency */ = {
			isa = PBXTargetDependency;
			target = 03F7B7AB2AF0C22700CDAB50 /* MemoryRetentionTest */;
			targetProxy = 03F7B7BD2AF0C22900CDAB50 /* PBXContainerItemProxy */;
		};
		03F7B7C82AF0C22900CDAB50 /* PBXTargetDependency */ = {
			isa = PBXTargetDependency;
			target = 03F7B7AB2AF0C22700CDAB50 /* MemoryRetentionTest */;
			targetProxy = 03F7B7C72AF0C22900CDAB50 /* PBXContainerItemProxy */;
		};
/* End PBXTargetDependency section */

/* Begin XCBuildConfiguration section */
		03F7B7CE2AF0C22900CDAB50 /* Debug */ = {
			isa = XCBuildConfiguration;
			buildSettings = {
				ALWAYS_SEARCH_USER_PATHS = NO;
				ASSETCATALOG_COMPILER_GENERATE_SWIFT_ASSET_SYMBOL_EXTENSIONS = YES;
				CLANG_ANALYZER_NONNULL = YES;
				CLANG_ANALYZER_NUMBER_OBJECT_CONVERSION = YES_AGGRESSIVE;
				CLANG_CXX_LANGUAGE_STANDARD = "gnu++20";
				CLANG_ENABLE_MODULES = YES;
				CLANG_ENABLE_OBJC_ARC = YES;
				CLANG_ENABLE_OBJC_WEAK = YES;
				CLANG_WARN_BLOCK_CAPTURE_AUTORELEASING = YES;
				CLANG_WARN_BOOL_CONVERSION = YES;
				CLANG_WARN_COMMA = YES;
				CLANG_WARN_CONSTANT_CONVERSION = YES;
				CLANG_WARN_DEPRECATED_OBJC_IMPLEMENTATIONS = YES;
				CLANG_WARN_DIRECT_OBJC_ISA_USAGE = YES_ERROR;
				CLANG_WARN_DOCUMENTATION_COMMENTS = YES;
				CLANG_WARN_EMPTY_BODY = YES;
				CLANG_WARN_ENUM_CONVERSION = YES;
				CLANG_WARN_INFINITE_RECURSION = YES;
				CLANG_WARN_INT_CONVERSION = YES;
				CLANG_WARN_NON_LITERAL_NULL_CONVERSION = YES;
				CLANG_WARN_OBJC_IMPLICIT_RETAIN_SELF = YES;
				CLANG_WARN_OBJC_LITERAL_CONVERSION = YES;
				CLANG_WARN_OBJC_ROOT_CLASS = YES_ERROR;
				CLANG_WARN_QUOTED_INCLUDE_IN_FRAMEWORK_HEADER = YES;
				CLANG_WARN_RANGE_LOOP_ANALYSIS = YES;
				CLANG_WARN_STRICT_PROTOTYPES = YES;
				CLANG_WARN_SUSPICIOUS_MOVE = YES;
				CLANG_WARN_UNGUARDED_AVAILABILITY = YES_AGGRESSIVE;
				CLANG_WARN_UNREACHABLE_CODE = YES;
				CLANG_WARN__DUPLICATE_METHOD_MATCH = YES;
				COPY_PHASE_STRIP = NO;
				DEBUG_INFORMATION_FORMAT = dwarf;
				ENABLE_STRICT_OBJC_MSGSEND = YES;
				ENABLE_TESTABILITY = YES;
				ENABLE_USER_SCRIPT_SANDBOXING = YES;
				GCC_C_LANGUAGE_STANDARD = gnu17;
				GCC_DYNAMIC_NO_PIC = NO;
				GCC_NO_COMMON_BLOCKS = YES;
				GCC_OPTIMIZATION_LEVEL = 0;
				GCC_PREPROCESSOR_DEFINITIONS = (
					"DEBUG=1",
					"$(inherited)",
				);
				GCC_WARN_64_TO_32_BIT_CONVERSION = YES;
				GCC_WARN_ABOUT_RETURN_TYPE = YES_ERROR;
				GCC_WARN_UNDECLARED_SELECTOR = YES;
				GCC_WARN_UNINITIALIZED_AUTOS = YES_AGGRESSIVE;
				GCC_WARN_UNUSED_FUNCTION = YES;
				GCC_WARN_UNUSED_VARIABLE = YES;
				IPHONEOS_DEPLOYMENT_TARGET = 17.0;
				LOCALIZATION_PREFERS_STRING_CATALOGS = YES;
				MTL_ENABLE_DEBUG_INFO = INCLUDE_SOURCE;
				MTL_FAST_MATH = YES;
				ONLY_ACTIVE_ARCH = YES;
				SDKROOT = iphoneos;
				SWIFT_ACTIVE_COMPILATION_CONDITIONS = "DEBUG $(inherited)";
				SWIFT_OPTIMIZATION_LEVEL = "-Onone";
			};
			name = Debug;
		};
		03F7B7CF2AF0C22900CDAB50 /* Release */ = {
			isa = XCBuildConfiguration;
			buildSettings = {
				ALWAYS_SEARCH_USER_PATHS = NO;
				ASSETCATALOG_COMPILER_GENERATE_SWIFT_ASSET_SYMBOL_EXTENSIONS = YES;
				CLANG_ANALYZER_NONNULL = YES;
				CLANG_ANALYZER_NUMBER_OBJECT_CONVERSION = YES_AGGRESSIVE;
				CLANG_CXX_LANGUAGE_STANDARD = "gnu++20";
				CLANG_ENABLE_MODULES = YES;
				CLANG_ENABLE_OBJC_ARC = YES;
				CLANG_ENABLE_OBJC_WEAK = YES;
				CLANG_WARN_BLOCK_CAPTURE_AUTORELEASING = YES;
				CLANG_WARN_BOOL_CONVERSION = YES;
				CLANG_WARN_COMMA = YES;
				CLANG_WARN_CONSTANT_CONVERSION = YES;
				CLANG_WARN_DEPRECATED_OBJC_IMPLEMENTATIONS = YES;
				CLANG_WARN_DIRECT_OBJC_ISA_USAGE = YES_ERROR;
				CLANG_WARN_DOCUMENTATION_COMMENTS = YES;
				CLANG_WARN_EMPTY_BODY = YES;
				CLANG_WARN_ENUM_CONVERSION = YES;
				CLANG_WARN_INFINITE_RECURSION = YES;
				CLANG_WARN_INT_CONVERSION = YES;
				CLANG_WARN_NON_LITERAL_NULL_CONVERSION = YES;
				CLANG_WARN_OBJC_IMPLICIT_RETAIN_SELF = YES;
				CLANG_WARN_OBJC_LITERAL_CONVERSION = YES;
				CLANG_WARN_OBJC_ROOT_CLASS = YES_ERROR;
				CLANG_WARN_QUOTED_INCLUDE_IN_FRAMEWORK_HEADER = YES;
				CLANG_WARN_RANGE_LOOP_ANALYSIS = YES;
				CLANG_WARN_STRICT_PROTOTYPES = YES;
				CLANG_WARN_SUSPICIOUS_MOVE = YES;
				CLANG_WARN_UNGUARDED_AVAILABILITY = YES_AGGRESSIVE;
				CLANG_WARN_UNREACHABLE_CODE = YES;
				CLANG_WARN__DUPLICATE_METHOD_MATCH = YES;
				COPY_PHASE_STRIP = NO;
				DEBUG_INFORMATION_FORMAT = "dwarf-with-dsym";
				ENABLE_NS_ASSERTIONS = NO;
				ENABLE_STRICT_OBJC_MSGSEND = YES;
				ENABLE_USER_SCRIPT_SANDBOXING = YES;
				GCC_C_LANGUAGE_STANDARD = gnu17;
				GCC_NO_COMMON_BLOCKS = YES;
				GCC_WARN_64_TO_32_BIT_CONVERSION = YES;
				GCC_WARN_ABOUT_RETURN_TYPE = YES_ERROR;
				GCC_WARN_UNDECLARED_SELECTOR = YES;
				GCC_WARN_UNINITIALIZED_AUTOS = YES_AGGRESSIVE;
				GCC_WARN_UNUSED_FUNCTION = YES;
				GCC_WARN_UNUSED_VARIABLE = YES;
				IPHONEOS_DEPLOYMENT_TARGET = 17.0;
				LOCALIZATION_PREFERS_STRING_CATALOGS = YES;
				MTL_ENABLE_DEBUG_INFO = NO;
				MTL_FAST_MATH = YES;
				SDKROOT = iphoneos;
				SWIFT_COMPILATION_MODE = wholemodule;
				VALIDATE_PRODUCT = YES;
			};
			name = Release;
		};
		03F7B7D12AF0C22900CDAB50 /* Debug */ = {
			isa = XCBuildConfiguration;
			buildSettings = {
				ASSETCATALOG_COMPILER_APPICON_NAME = AppIcon;
				ASSETCATALOG_COMPILER_GLOBAL_ACCENT_COLOR_NAME = AccentColor;
				CODE_SIGN_STYLE = Automatic;
				CURRENT_PROJECT_VERSION = 1;
				DEVELOPMENT_ASSET_PATHS = "\"MemoryRetentionTest/Preview Content\"";
				DEVELOPMENT_TEAM = YJTZ9H869C;
				ENABLE_PREVIEWS = YES;
				GENERATE_INFOPLIST_FILE = YES;
				INFOPLIST_KEY_UIApplicationSceneManifest_Generation = YES;
				INFOPLIST_KEY_UIApplicationSupportsIndirectInputEvents = YES;
				INFOPLIST_KEY_UILaunchScreen_Generation = YES;
				INFOPLIST_KEY_UISupportedInterfaceOrientations_iPad = "UIInterfaceOrientationPortrait UIInterfaceOrientationPortraitUpsideDown UIInterfaceOrientationLandscapeLeft UIInterfaceOrientationLandscapeRight";
				INFOPLIST_KEY_UISupportedInterfaceOrientations_iPhone = "UIInterfaceOrientationPortrait UIInterfaceOrientationLandscapeLeft UIInterfaceOrientationLandscapeRight";
				LD_RUNPATH_SEARCH_PATHS = (
					"$(inherited)",
					"@executable_path/Frameworks",
				);
				MARKETING_VERSION = 1.0;
				PRODUCT_BUNDLE_IDENTIFIER = io.github.lehmacdj.MemoryRetentionTest;
				PRODUCT_NAME = "$(TARGET_NAME)";
				SWIFT_EMIT_LOC_STRINGS = YES;
				SWIFT_VERSION = 5.0;
				TARGETED_DEVICE_FAMILY = "1,2";
			};
			name = Debug;
		};
		03F7B7D22AF0C22900CDAB50 /* Release */ = {
			isa = XCBuildConfiguration;
			buildSettings = {
				ASSETCATALOG_COMPILER_APPICON_NAME = AppIcon;
				ASSETCATALOG_COMPILER_GLOBAL_ACCENT_COLOR_NAME = AccentColor;
				CODE_SIGN_STYLE = Automatic;
				CURRENT_PROJECT_VERSION = 1;
				DEVELOPMENT_ASSET_PATHS = "\"MemoryRetentionTest/Preview Content\"";
				DEVELOPMENT_TEAM = YJTZ9H869C;
				ENABLE_PREVIEWS = YES;
				GENERATE_INFOPLIST_FILE = YES;
				INFOPLIST_KEY_UIApplicationSceneManifest_Generation = YES;
				INFOPLIST_KEY_UIApplicationSupportsIndirectInputEvents = YES;
				INFOPLIST_KEY_UILaunchScreen_Generation = YES;
				INFOPLIST_KEY_UISupportedInterfaceOrientations_iPad = "UIInterfaceOrientationPortrait UIInterfaceOrientationPortraitUpsideDown UIInterfaceOrientationLandscapeLeft UIInterfaceOrientationLandscapeRight";
				INFOPLIST_KEY_UISupportedInterfaceOrientations_iPhone = "UIInterfaceOrientationPortrait UIInterfaceOrientationLandscapeLeft UIInterfaceOrientationLandscapeRight";
				LD_RUNPATH_SEARCH_PATHS = (
					"$(inherited)",
					"@executable_path/Frameworks",
				);
				MARKETING_VERSION = 1.0;
				PRODUCT_BUNDLE_IDENTIFIER = io.github.lehmacdj.MemoryRetentionTest;
				PRODUCT_NAME = "$(TARGET_NAME)";
				SWIFT_EMIT_LOC_STRINGS = YES;
				SWIFT_VERSION = 5.0;
				TARGETED_DEVICE_FAMILY = "1,2";
			};
			name = Release;
		};
		03F7B7D42AF0C22900CDAB50 /* Debug */ = {
			isa = XCBuildConfiguration;
			buildSettings = {
				ALWAYS_EMBED_SWIFT_STANDARD_LIBRARIES = YES;
				BUNDLE_LOADER = "$(TEST_HOST)";
				CODE_SIGN_STYLE = Automatic;
				CURRENT_PROJECT_VERSION = 1;
				DEVELOPMENT_TEAM = YJTZ9H869C;
				GENERATE_INFOPLIST_FILE = YES;
				IPHONEOS_DEPLOYMENT_TARGET = 17.0;
				MARKETING_VERSION = 1.0;
				PRODUCT_BUNDLE_IDENTIFIER = io.github.lehmacdj.MemoryRetentionTestTests;
				PRODUCT_NAME = "$(TARGET_NAME)";
				SWIFT_EMIT_LOC_STRINGS = NO;
				SWIFT_VERSION = 5.0;
				TARGETED_DEVICE_FAMILY = "1,2";
				TEST_HOST = "$(BUILT_PRODUCTS_DIR)/MemoryRetentionTest.app/$(BUNDLE_EXECUTABLE_FOLDER_PATH)/MemoryRetentionTest";
			};
			name = Debug;
		};
		03F7B7D52AF0C22900CDAB50 /* Release */ = {
			isa = XCBuildConfiguration;
			buildSettings = {
				ALWAYS_EMBED_SWIFT_STANDARD_LIBRARIES = YES;
				BUNDLE_LOADER = "$(TEST_HOST)";
				CODE_SIGN_STYLE = Automatic;
				CURRENT_PROJECT_VERSION = 1;
				DEVELOPMENT_TEAM = YJTZ9H869C;
				GENERATE_INFOPLIST_FILE = YES;
				IPHONEOS_DEPLOYMENT_TARGET = 17.0;
				MARKETING_VERSION = 1.0;
				PRODUCT_BUNDLE_IDENTIFIER = io.github.lehmacdj.MemoryRetentionTestTests;
				PRODUCT_NAME = "$(TARGET_NAME)";
				SWIFT_EMIT_LOC_STRINGS = NO;
				SWIFT_VERSION = 5.0;
				TARGETED_DEVICE_FAMILY = "1,2";
				TEST_HOST = "$(BUILT_PRODUCTS_DIR)/MemoryRetentionTest.app/$(BUNDLE_EXECUTABLE_FOLDER_PATH)/MemoryRetentionTest";
			};
			name = Release;
		};
		03F7B7D72AF0C22900CDAB50 /* Debug */ = {
			isa = XCBuildConfiguration;
			buildSettings = {
				ALWAYS_EMBED_SWIFT_STANDARD_LIBRARIES = YES;
				CODE_SIGN_STYLE = Automatic;
				CURRENT_PROJECT_VERSION = 1;
				DEVELOPMENT_TEAM = YJTZ9H869C;
				GENERATE_INFOPLIST_FILE = YES;
				MARKETING_VERSION = 1.0;
				PRODUCT_BUNDLE_IDENTIFIER = io.github.lehmacdj.MemoryRetentionTestUITests;
				PRODUCT_NAME = "$(TARGET_NAME)";
				SWIFT_EMIT_LOC_STRINGS = NO;
				SWIFT_VERSION = 5.0;
				TARGETED_DEVICE_FAMILY = "1,2";
				TEST_TARGET_NAME = MemoryRetentionTest;
			};
			name = Debug;
		};
		03F7B7D82AF0C22900CDAB50 /* Release */ = {
			isa = XCBuildConfiguration;
			buildSettings = {
				ALWAYS_EMBED_SWIFT_STANDARD_LIBRARIES = YES;
				CODE_SIGN_STYLE = Automatic;
				CURRENT_PROJECT_VERSION = 1;
				DEVELOPMENT_TEAM = YJTZ9H869C;
				GENERATE_INFOPLIST_FILE = YES;
				MARKETING_VERSION = 1.0;
				PRODUCT_BUNDLE_IDENTIFIER = io.github.lehmacdj.MemoryRetentionTestUITests;
				PRODUCT_NAME = "$(TARGET_NAME)";
				SWIFT_EMIT_LOC_STRINGS = NO;
				SWIFT_VERSION = 5.0;
				TARGETED_DEVICE_FAMILY = "1,2";
				TEST_TARGET_NAME = MemoryRetentionTest;
			};
			name = Release;
		};
/* End XCBuildConfiguration section */

/* Begin XCConfigurationList section */
		03F7B7A72AF0C22700CDAB50 /* Build configuration list for PBXProject "MemoryRetentionTest" */ = {
			isa = XCConfigurationList;
			buildConfigurations = (
				03F7B7CE2AF0C22900CDAB50 /* Debug */,
				03F7B7CF2AF0C22900CDAB50 /* Release */,
			);
			defaultConfigurationIsVisible = 0;
			defaultConfigurationName = Release;
		};
		03F7B7D02AF0C22900CDAB50 /* Build configuration list for PBXNativeTarget "MemoryRetentionTest" */ = {
			isa = XCConfigurationList;
			buildConfigurations = (
				03F7B7D12AF0C22900CDAB50 /* Debug */,
				03F7B7D22AF0C22900CDAB50 /* Release */,
			);
			defaultConfigurationIsVisible = 0;
			defaultConfigurationName = Release;
		};
		03F7B7D32AF0C22900CDAB50 /* Build configuration list for PBXNativeTarget "MemoryRetentionTestTests" */ = {
			isa = XCConfigurationList;
			buildConfigurations = (
				03F7B7D42AF0C22900CDAB50 /* Debug */,
				03F7B7D52AF0C22900CDAB50 /* Release */,
			);
			defaultConfigurationIsVisible = 0;
			defaultConfigurationName = Release;
		};
		03F7B7D62AF0C22900CDAB50 /* Build configuration list for PBXNativeTarget "MemoryRetentionTestUITests" */ = {
			isa = XCConfigurationList;
			buildConfigurations = (
				03F7B7D72AF0C22900CDAB50 /* Debug */,
				03F7B7D82AF0C22900CDAB50 /* Release */,
			);
			defaultConfigurationIsVisible = 0;
			defaultConfigurationName = Release;
		};
/* End XCConfigurationList section */
	};
	rootObject = 03F7B7A42AF0C22700CDAB50 /* Project object */;
}
